
Microsoft Visual Studio Solution File, Format Version 12.00
# Visual Studio 15
Project("{FAE04EC0-301F-11D3-BF4B-00C04F79EFBC}") = "VRM10.Tests", "VRM10.Tests.csproj", "{C1DE6ADD-3FFC-8328-6950-21459AB5D41A}"
EndProject
Project("{FAE04EC0-301F-11D3-BF4B-00C04F79EFBC}") = "UniHumanoid", "UniHumanoid.csproj", "{B4CAD35C-DF9D-F58A-4A99-C36C07EE35D2}"
EndProject
Project("{FAE04EC0-301F-11D3-BF4B-00C04F79EFBC}") = "VRM10.Editor", "VRM10.Editor.csproj", "{7A04CF38-648A-870D-C3A9-30C6BDA15C9D}"
EndProject
Project("{FAE04EC0-301F-11D3-BF4B-00C04F79EFBC}") = "UniGLTF.Editor", "UniGLTF.Editor.csproj", "{9FF1B4A0-9100-7382-9CD1-DF0E4CA04A74}"
EndProject
Project("{FAE04EC0-301F-11D3-BF4B-00C04F79EFBC}") = "UniGLTF", "UniGLTF.csproj", "{35726E23-51FF-C151-C039-7E8C49E2AEB7}"
EndProject
Project("{FAE04EC0-301F-11D3-BF4B-00C04F79EFBC}") = "VRM10", "VRM10.csproj", "{AA474E2B-5C3B-9D28-6694-9A859C0EB682}"
EndProject
Project("{FAE04EC0-301F-11D3-BF4B-00C04F79EFBC}") = "VRM10.MToon10", "VRM10.MToon10.csproj", "{7346F31B-A4B3-EC46-ED59-64E8EFC6717A}"
EndProject
Project("{FAE04EC0-301F-11D3-BF4B-00C04F79EFBC}") = "UniGLTF.Tests", "UniGLTF.Tests.csproj", "{E5F21A9D-2D85-9562-D0FF-A5818E8C6C4E}"
EndProject
Project("{FAE04EC0-301F-11D3-BF4B-00C04F79EFBC}") = "VrmLib", "VrmLib.csproj", "{91EA347A-D7FE-989C-853B-67C885FC6BF7}"
EndProject
Project("{FAE04EC0-301F-11D3-BF4B-00C04F79EFBC}") = "SpringBoneJobs", "SpringBoneJobs.csproj", "{82309DD4-3DE9-97B8-4EE6-29D713AE83A0}"
EndProject
Project("{FAE04EC0-301F-11D3-BF4B-00C04F79EFBC}") = "VrmLibTests", "VrmLibTests.csproj", "{9ED638D1-8D5D-0C61-9A36-4998C0F23CBC}"
EndProject
Project("{FAE04EC0-301F-11D3-BF4B-00C04F79EFBC}") = "lilToon.Editor", "lilToon.Editor.csproj", "{334BFB59-A401-760C-A7A9-DEB1FB7ADE83}"
EndProject
Project("{FAE04EC0-301F-11D3-BF4B-00C04F79EFBC}") = "UniGLTF.UniUnlit", "UniGLTF.UniUnlit.csproj", "{7CA823EE-B556-6ACE-6EC9-7C4BD0C473C8}"
EndProject
Project("{FAE04EC0-301F-11D3-BF4B-00C04F79EFBC}") = "UniGLTF.UniUnlit.Editor", "UniGLTF.UniUnlit.Editor.csproj", "{AF7E70FF-3932-86A5-0AB8-05FB81BE4291}"
EndProject
Project("{FAE04EC0-301F-11D3-BF4B-00C04F79EFBC}") = "UniGLTF.Utils", "UniGLTF.Utils.csproj", "{12E8E22E-748A-CE93-A4C3-3266FE1D6C8F}"
EndProject
Project("{FAE04EC0-301F-11D3-BF4B-00C04F79EFBC}") = "Assembly-CSharp", "Assembly-CSharp.csproj", "{2E369E1D-3705-619F-E19F-761503D1EDAE}"
EndProject
Project("{FAE04EC0-301F-11D3-BF4B-00C04F79EFBC}") = "VRM10.MToon10.Tests", "VRM10.MToon10.Tests.csproj", "{A50FAE14-2729-AA0D-C87E-5D209B7DAD24}"
EndProject
Project("{FAE04EC0-301F-11D3-BF4B-00C04F79EFBC}") = "VRM10.MToon10.Editor", "VRM10.MToon10.Editor.csproj", "{D6D4F7D2-3AA2-3E6C-4CBE-5F8C5DA9E1F9}"
EndProject
Project("{FAE04EC0-301F-11D3-BF4B-00C04F79EFBC}") = "UniHumanoid.Editor", "UniHumanoid.Editor.csproj", "{5B0B6CE1-E190-8C93-F220-C0CB6DD77325}"
EndProject
Project("{FAE04EC0-301F-11D3-BF4B-00C04F79EFBC}") = "FastSpringBone10", "FastSpringBone10.csproj", "{8D63CA7A-5E3E-2D9E-23CC-6541A8370AC1}"
EndProject
Project("{FAE04EC0-301F-11D3-BF4B-00C04F79EFBC}") = "UniHumanoid.Editor.Tests", "UniHumanoid.Editor.Tests.csproj", "{8152BE57-2A5E-D47B-A9DF-44B190727E26}"
EndProject
Project("{FAE04EC0-301F-11D3-BF4B-00C04F79EFBC}") = "lilToon.Editor.External", "lilToon.Editor.External.csproj", "{9E5FEC59-925C-B9E3-DE1E-174B7F33AA59}"
EndProject
Global
	GlobalSection(SolutionConfigurationPlatforms) = preSolution
		Debug|Any CPU = Debug|Any CPU
		Release|Any CPU = Release|Any CPU
	EndGlobalSection
	GlobalSection(ProjectConfigurationPlatforms) = postSolution
		{C1DE6ADD-3FFC-8328-6950-21459AB5D41A}.Debug|Any CPU.ActiveCfg = Debug|Any CPU
		{C1DE6ADD-3FFC-8328-6950-21459AB5D41A}.Debug|Any CPU.Build.0 = Debug|Any CPU
		{C1DE6ADD-3FFC-8328-6950-21459AB5D41A}.Release|Any CPU.ActiveCfg = Release|Any CPU
		{C1DE6ADD-3FFC-8328-6950-21459AB5D41A}.Release|Any CPU.Build.0 = Release|Any CPU
		{B4CAD35C-DF9D-F58A-4A99-C36C07EE35D2}.Debug|Any CPU.ActiveCfg = Debug|Any CPU
		{B4CAD35C-DF9D-F58A-4A99-C36C07EE35D2}.Debug|Any CPU.Build.0 = Debug|Any CPU
		{B4CAD35C-DF9D-F58A-4A99-C36C07EE35D2}.Release|Any CPU.ActiveCfg = Release|Any CPU
		{B4CAD35C-DF9D-F58A-4A99-C36C07EE35D2}.Release|Any CPU.Build.0 = Release|Any CPU
		{7A04CF38-648A-870D-C3A9-30C6BDA15C9D}.Debug|Any CPU.ActiveCfg = Debug|Any CPU
		{7A04CF38-648A-870D-C3A9-30C6BDA15C9D}.Debug|Any CPU.Build.0 = Debug|Any CPU
		{7A04CF38-648A-870D-C3A9-30C6BDA15C9D}.Release|Any CPU.ActiveCfg = Release|Any CPU
		{7A04CF38-648A-870D-C3A9-30C6BDA15C9D}.Release|Any CPU.Build.0 = Release|Any CPU
		{9FF1B4A0-9100-7382-9CD1-DF0E4CA04A74}.Debug|Any CPU.ActiveCfg = Debug|Any CPU
		{9FF1B4A0-9100-7382-9CD1-DF0E4CA04A74}.Debug|Any CPU.Build.0 = Debug|Any CPU
		{9FF1B4A0-9100-7382-9CD1-DF0E4CA04A74}.Release|Any CPU.ActiveCfg = Release|Any CPU
		{9FF1B4A0-9100-7382-9CD1-DF0E4CA04A74}.Release|Any CPU.Build.0 = Release|Any CPU
		{35726E23-51FF-C151-C039-7E8C49E2AEB7}.Debug|Any CPU.ActiveCfg = Debug|Any CPU
		{35726E23-51FF-C151-C039-7E8C49E2AEB7}.Debug|Any CPU.Build.0 = Debug|Any CPU
		{35726E23-51FF-C151-C039-7E8C49E2AEB7}.Release|Any CPU.ActiveCfg = Release|Any CPU
		{35726E23-51FF-C151-C039-7E8C49E2AEB7}.Release|Any CPU.Build.0 = Release|Any CPU
		{AA474E2B-5C3B-9D28-6694-9A859C0EB682}.Debug|Any CPU.ActiveCfg = Debug|Any CPU
		{AA474E2B-5C3B-9D28-6694-9A859C0EB682}.Debug|Any CPU.Build.0 = Debug|Any CPU
		{AA474E2B-5C3B-9D28-6694-9A859C0EB682}.Release|Any CPU.ActiveCfg = Release|Any CPU
		{AA474E2B-5C3B-9D28-6694-9A859C0EB682}.Release|Any CPU.Build.0 = Release|Any CPU
		{7346F31B-A4B3-EC46-ED59-64E8EFC6717A}.Debug|Any CPU.ActiveCfg = Debug|Any CPU
		{7346F31B-A4B3-EC46-ED59-64E8EFC6717A}.Debug|Any CPU.Build.0 = Debug|Any CPU
		{7346F31B-A4B3-EC46-ED59-64E8EFC6717A}.Release|Any CPU.ActiveCfg = Release|Any CPU
		{7346F31B-A4B3-EC46-ED59-64E8EFC6717A}.Release|Any CPU.Build.0 = Release|Any CPU
		{E5F21A9D-2D85-9562-D0FF-A5818E8C6C4E}.Debug|Any CPU.ActiveCfg = Debug|Any CPU
		{E5F21A9D-2D85-9562-D0FF-A5818E8C6C4E}.Debug|Any CPU.Build.0 = Debug|Any CPU
		{E5F21A9D-2D85-9562-D0FF-A5818E8C6C4E}.Release|Any CPU.ActiveCfg = Release|Any CPU
		{E5F21A9D-2D85-9562-D0FF-A5818E8C6C4E}.Release|Any CPU.Build.0 = Release|Any CPU
		{91EA347A-D7FE-989C-853B-67C885FC6BF7}.Debug|Any CPU.ActiveCfg = Debug|Any CPU
		{91EA347A-D7FE-989C-853B-67C885FC6BF7}.Debug|Any CPU.Build.0 = Debug|Any CPU
		{91EA347A-D7FE-989C-853B-67C885FC6BF7}.Release|Any CPU.ActiveCfg = Release|Any CPU
		{91EA347A-D7FE-989C-853B-67C885FC6BF7}.Release|Any CPU.Build.0 = Release|Any CPU
		{82309DD4-3DE9-97B8-4EE6-29D713AE83A0}.Debug|Any CPU.ActiveCfg = Debug|Any CPU
		{82309DD4-3DE9-97B8-4EE6-29D713AE83A0}.Debug|Any CPU.Build.0 = Debug|Any CPU
		{82309DD4-3DE9-97B8-4EE6-29D713AE83A0}.Release|Any CPU.ActiveCfg = Release|Any CPU
		{82309DD4-3DE9-97B8-4EE6-29D713AE83A0}.Release|Any CPU.Build.0 = Release|Any CPU
		{9ED638D1-8D5D-0C61-9A36-4998C0F23CBC}.Debug|Any CPU.ActiveCfg = Debug|Any CPU
		{9ED638D1-8D5D-0C61-9A36-4998C0F23CBC}.Debug|Any CPU.Build.0 = Debug|Any CPU
		{9ED638D1-8D5D-0C61-9A36-4998C0F23CBC}.Release|Any CPU.ActiveCfg = Release|Any CPU
		{9ED638D1-8D5D-0C61-9A36-4998C0F23CBC}.Release|Any CPU.Build.0 = Release|Any CPU
		{334BFB59-A401-760C-A7A9-DEB1FB7ADE83}.Debug|Any CPU.ActiveCfg = Debug|Any CPU
		{334BFB59-A401-760C-A7A9-DEB1FB7ADE83}.Debug|Any CPU.Build.0 = Debug|Any CPU
		{334BFB59-A401-760C-A7A9-DEB1FB7ADE83}.Release|Any CPU.ActiveCfg = Release|Any CPU
		{334BFB59-A401-760C-A7A9-DEB1FB7ADE83}.Release|Any CPU.Build.0 = Release|Any CPU
		{7CA823EE-B556-6ACE-6EC9-7C4BD0C473C8}.Debug|Any CPU.ActiveCfg = Debug|Any CPU
		{7CA823EE-B556-6ACE-6EC9-7C4BD0C473C8}.Debug|Any CPU.Build.0 = Debug|Any CPU
		{7CA823EE-B556-6ACE-6EC9-7C4BD0C473C8}.Release|Any CPU.ActiveCfg = Release|Any CPU
		{7CA823EE-B556-6ACE-6EC9-7C4BD0C473C8}.Release|Any CPU.Build.0 = Release|Any CPU
		{AF7E70FF-3932-86A5-0AB8-05FB81BE4291}.Debug|Any CPU.ActiveCfg = Debug|Any CPU
		{AF7E70FF-3932-86A5-0AB8-05FB81BE4291}.Debug|Any CPU.Build.0 = Debug|Any CPU
		{AF7E70FF-3932-86A5-0AB8-05FB81BE4291}.Release|Any CPU.ActiveCfg = Release|Any CPU
		{AF7E70FF-3932-86A5-0AB8-05FB81BE4291}.Release|Any CPU.Build.0 = Release|Any CPU
		{12E8E22E-748A-CE93-A4C3-3266FE1D6C8F}.Debug|Any CPU.ActiveCfg = Debug|Any CPU
		{12E8E22E-748A-CE93-A4C3-3266FE1D6C8F}.Debug|Any CPU.Build.0 = Debug|Any CPU
		{12E8E22E-748A-CE93-A4C3-3266FE1D6C8F}.Release|Any CPU.ActiveCfg = Release|Any CPU
		{12E8E22E-748A-CE93-A4C3-3266FE1D6C8F}.Release|Any CPU.Build.0 = Release|Any CPU
		{2E369E1D-3705-619F-E19F-761503D1EDAE}.Debug|Any CPU.ActiveCfg = Debug|Any CPU
		{2E369E1D-3705-619F-E19F-761503D1EDAE}.Debug|Any CPU.Build.0 = Debug|Any CPU
		{2E369E1D-3705-619F-E19F-761503D1EDAE}.Release|Any CPU.ActiveCfg = Release|Any CPU
		{2E369E1D-3705-619F-E19F-761503D1EDAE}.Release|Any CPU.Build.0 = Release|Any CPU
		{A50FAE14-2729-AA0D-C87E-5D209B7DAD24}.Debug|Any CPU.ActiveCfg = Debug|Any CPU
		{A50FAE14-2729-AA0D-C87E-5D209B7DAD24}.Debug|Any CPU.Build.0 = Debug|Any CPU
		{A50FAE14-2729-AA0D-C87E-5D209B7DAD24}.Release|Any CPU.ActiveCfg = Release|Any CPU
		{A50FAE14-2729-AA0D-C87E-5D209B7DAD24}.Release|Any CPU.Build.0 = Release|Any CPU
		{D6D4F7D2-3AA2-3E6C-4CBE-5F8C5DA9E1F9}.Debug|Any CPU.ActiveCfg = Debug|Any CPU
		{D6D4F7D2-3AA2-3E6C-4CBE-5F8C5DA9E1F9}.Debug|Any CPU.Build.0 = Debug|Any CPU
		{D6D4F7D2-3AA2-3E6C-4CBE-5F8C5DA9E1F9}.Release|Any CPU.ActiveCfg = Release|Any CPU
		{D6D4F7D2-3AA2-3E6C-4CBE-5F8C5DA9E1F9}.Release|Any CPU.Build.0 = Release|Any CPU
		{5B0B6CE1-E190-8C93-F220-C0CB6DD77325}.Debug|Any CPU.ActiveCfg = Debug|Any CPU
		{5B0B6CE1-E190-8C93-F220-C0CB6DD77325}.Debug|Any CPU.Build.0 = Debug|Any CPU
		{5B0B6CE1-E190-8C93-F220-C0CB6DD77325}.Release|Any CPU.ActiveCfg = Release|Any CPU
		{5B0B6CE1-E190-8C93-F220-C0CB6DD77325}.Release|Any CPU.Build.0 = Release|Any CPU
		{8D63CA7A-5E3E-2D9E-23CC-6541A8370AC1}.Debug|Any CPU.ActiveCfg = Debug|Any CPU
		{8D63CA7A-5E3E-2D9E-23CC-6541A8370AC1}.Debug|Any CPU.Build.0 = Debug|Any CPU
		{8D63CA7A-5E3E-2D9E-23CC-6541A8370AC1}.Release|Any CPU.ActiveCfg = Release|Any CPU
		{8D63CA7A-5E3E-2D9E-23CC-6541A8370AC1}.Release|Any CPU.Build.0 = Release|Any CPU
		{8152BE57-2A5E-D47B-A9DF-44B190727E26}.Debug|Any CPU.ActiveCfg = Debug|Any CPU
		{8152BE57-2A5E-D47B-A9DF-44B190727E26}.Debug|Any CPU.Build.0 = Debug|Any CPU
		{8152BE57-2A5E-D47B-A9DF-44B190727E26}.Release|Any CPU.ActiveCfg = Release|Any CPU
		{8152BE57-2A5E-D47B-A9DF-44B190727E26}.Release|Any CPU.Build.0 = Release|Any CPU
		{9E5FEC59-925C-B9E3-DE1E-174B7F33AA59}.Debug|Any CPU.ActiveCfg = Debug|Any CPU
		{9E5FEC59-925C-B9E3-DE1E-174B7F33AA59}.Debug|Any CPU.Build.0 = Debug|Any CPU
		{9E5FEC59-925C-B9E3-DE1E-174B7F33AA59}.Release|Any CPU.ActiveCfg = Release|Any CPU
		{9E5FEC59-925C-B9E3-DE1E-174B7F33AA59}.Release|Any CPU.Build.0 = Release|Any CPU
	EndGlobalSection
	GlobalSection(SolutionProperties) = preSolution
		HideSolutionNode = FALSE
	EndGlobalSection
EndGlobal
